// !$*UTF8*$!
{
	archiveVersion = 1;
	classes = {
	};
	objectVersion = 50;
	objects = {

/* Begin PBXBuildFile section */
		FC08DB562216762D00C96013 /* UIScrollView+EmptyDataSet.m in Sources */ = {isa = PBXBuildFile; fileRef = FC08DB552216762D00C96013 /* UIScrollView+EmptyDataSet.m */; };
		FC08DB582216767A00C96013 /* HomeTableViewController.swift in Sources */ = {isa = PBXBuildFile; fileRef = FC08DB572216767A00C96013 /* HomeTableViewController.swift */; };
		FC08DBE8221694CA00C96013 /* Accelerate.framework in Frameworks */ = {isa = PBXBuildFile; fileRef = FC08DBE7221694C900C96013 /* Accelerate.framework */; };
		FC08DBEA221694D300C96013 /* CoreGraphics.framework in Frameworks */ = {isa = PBXBuildFile; fileRef = FC08DBE9221694D300C96013 /* CoreGraphics.framework */; };
		FC08DBEC221694D900C96013 /* CoreImage.framework in Frameworks */ = {isa = PBXBuildFile; fileRef = FC08DBEB221694D900C96013 /* CoreImage.framework */; };
		FC1F096E2223BCF90072208A /* Extensions.swift in Sources */ = {isa = PBXBuildFile; fileRef = FC1F096D2223BCF90072208A /* Extensions.swift */; };
		FC246FBD221E753700D630C1 /* DataController.swift in Sources */ = {isa = PBXBuildFile; fileRef = FC246FBC221E753700D630C1 /* DataController.swift */; };
		FC246FBF221FF66900D630C1 /* HomeTableViewCell.swift in Sources */ = {isa = PBXBuildFile; fileRef = FC246FBE221FF66900D630C1 /* HomeTableViewCell.swift */; };
		FC246FC12221151500D630C1 /* PhotoCollectionViewCell.swift in Sources */ = {isa = PBXBuildFile; fileRef = FC246FC02221151500D630C1 /* PhotoCollectionViewCell.swift */; };
		FC246FC322212DF200D630C1 /* UnsplashPhotoViewController.swift in Sources */ = {isa = PBXBuildFile; fileRef = FC246FC222212DF200D630C1 /* UnsplashPhotoViewController.swift */; };
		FC34A489221CE79D00114349 /* PaperQuotesClient.swift in Sources */ = {isa = PBXBuildFile; fileRef = FC34A488221CE79D00114349 /* PaperQuotesClient.swift */; };
		FC34A48E221D318900114349 /* UnsplashViewController.swift in Sources */ = {isa = PBXBuildFile; fileRef = FC34A48D221D318900114349 /* UnsplashViewController.swift */; };
		FC34A490221D3C9000114349 /* NotificationsTableViewController.swift in Sources */ = {isa = PBXBuildFile; fileRef = FC34A48F221D3C9000114349 /* NotificationsTableViewController.swift */; };
		FC3C5D622217DD7900B1E019 /* Constants.swift in Sources */ = {isa = PBXBuildFile; fileRef = FC3C5D612217DD7900B1E019 /* Constants.swift */; };
		FC3C5D762217F03B00B1E019 /* Quote.swift in Sources */ = {isa = PBXBuildFile; fileRef = FC3C5D752217F03B00B1E019 /* Quote.swift */; };
		FC70A89622180EF90072C315 /* PaperQuotesViewController.swift in Sources */ = {isa = PBXBuildFile; fileRef = FC70A89522180EF90072C315 /* PaperQuotesViewController.swift */; };
		FC7D168A2219356600335624 /* DesignViewController.swift in Sources */ = {isa = PBXBuildFile; fileRef = FC7D16892219356600335624 /* DesignViewController.swift */; };
		FC7D1691221957B700335624 /* UnsplashClient.swift in Sources */ = {isa = PBXBuildFile; fileRef = FC7D1690221957B700335624 /* UnsplashClient.swift */; };
		FC7D1693221958B600335624 /* Utility.swift in Sources */ = {isa = PBXBuildFile; fileRef = FC7D1692221958B600335624 /* Utility.swift */; };
		FC854D96220D778B00E2FB51 /* AppDelegate.swift in Sources */ = {isa = PBXBuildFile; fileRef = FC854D95220D778B00E2FB51 /* AppDelegate.swift */; };
		FC854D9B220D778B00E2FB51 /* Main.storyboard in Resources */ = {isa = PBXBuildFile; fileRef = FC854D99220D778B00E2FB51 /* Main.storyboard */; };
		FC854D9E220D778B00E2FB51 /* Reinforce.xcdatamodeld in Sources */ = {isa = PBXBuildFile; fileRef = FC854D9C220D778B00E2FB51 /* Reinforce.xcdatamodeld */; };
		FC854DA0220D778D00E2FB51 /* Assets.xcassets in Resources */ = {isa = PBXBuildFile; fileRef = FC854D9F220D778D00E2FB51 /* Assets.xcassets */; };
		FC854DA3220D778D00E2FB51 /* LaunchScreen.storyboard in Resources */ = {isa = PBXBuildFile; fileRef = FC854DA1220D778D00E2FB51 /* LaunchScreen.storyboard */; };
/* End PBXBuildFile section */

/* Begin PBXFileReference section */
		FC08DB532216762B00C96013 /* Reinforce-Bridging-Header.h */ = {isa = PBXFileReference; lastKnownFileType = sourcecode.c.h; path = "Reinforce-Bridging-Header.h"; sourceTree = "<group>"; };
		FC08DB542216762C00C96013 /* UIScrollView+EmptyDataSet.h */ = {isa = PBXFileReference; fileEncoding = 4; lastKnownFileType = sourcecode.c.h; path = "UIScrollView+EmptyDataSet.h"; sourceTree = "<group>"; };
		FC08DB552216762D00C96013 /* UIScrollView+EmptyDataSet.m */ = {isa = PBXFileReference; fileEncoding = 4; lastKnownFileType = sourcecode.c.objc; path = "UIScrollView+EmptyDataSet.m"; sourceTree = "<group>"; };
		FC08DB572216767A00C96013 /* HomeTableViewController.swift */ = {isa = PBXFileReference; lastKnownFileType = sourcecode.swift; path = HomeTableViewController.swift; sourceTree = "<group>"; };
		FC08DBE7221694C900C96013 /* Accelerate.framework */ = {isa = PBXFileReference; lastKnownFileType = wrapper.framework; name = Accelerate.framework; path = System/Library/Frameworks/Accelerate.framework; sourceTree = SDKROOT; };
		FC08DBE9221694D300C96013 /* CoreGraphics.framework */ = {isa = PBXFileReference; lastKnownFileType = wrapper.framework; name = CoreGraphics.framework; path = System/Library/Frameworks/CoreGraphics.framework; sourceTree = SDKROOT; };
		FC08DBEB221694D900C96013 /* CoreImage.framework */ = {isa = PBXFileReference; lastKnownFileType = wrapper.framework; name = CoreImage.framework; path = System/Library/Frameworks/CoreImage.framework; sourceTree = SDKROOT; };
		FC1F096D2223BCF90072208A /* Extensions.swift */ = {isa = PBXFileReference; lastKnownFileType = sourcecode.swift; path = Extensions.swift; sourceTree = "<group>"; };
		FC246FBC221E753700D630C1 /* DataController.swift */ = {isa = PBXFileReference; lastKnownFileType = sourcecode.swift; path = DataController.swift; sourceTree = "<group>"; };
		FC246FBE221FF66900D630C1 /* HomeTableViewCell.swift */ = {isa = PBXFileReference; lastKnownFileType = sourcecode.swift; path = HomeTableViewCell.swift; sourceTree = "<group>"; };
		FC246FC02221151500D630C1 /* PhotoCollectionViewCell.swift */ = {isa = PBXFileReference; lastKnownFileType = sourcecode.swift; path = PhotoCollectionViewCell.swift; sourceTree = "<group>"; };
		FC246FC222212DF200D630C1 /* UnsplashPhotoViewController.swift */ = {isa = PBXFileReference; lastKnownFileType = sourcecode.swift; path = UnsplashPhotoViewController.swift; sourceTree = "<group>"; };
		FC34A488221CE79D00114349 /* PaperQuotesClient.swift */ = {isa = PBXFileReference; lastKnownFileType = sourcecode.swift; path = PaperQuotesClient.swift; sourceTree = "<group>"; };
		FC34A48D221D318900114349 /* UnsplashViewController.swift */ = {isa = PBXFileReference; lastKnownFileType = sourcecode.swift; path = UnsplashViewController.swift; sourceTree = "<group>"; };
		FC34A48F221D3C9000114349 /* NotificationsTableViewController.swift */ = {isa = PBXFileReference; lastKnownFileType = sourcecode.swift; path = NotificationsTableViewController.swift; sourceTree = "<group>"; };
		FC3C5D612217DD7900B1E019 /* Constants.swift */ = {isa = PBXFileReference; lastKnownFileType = sourcecode.swift; path = Constants.swift; sourceTree = "<group>"; };
		FC3C5D752217F03B00B1E019 /* Quote.swift */ = {isa = PBXFileReference; lastKnownFileType = sourcecode.swift; path = Quote.swift; sourceTree = "<group>"; };
		FC70A89522180EF90072C315 /* PaperQuotesViewController.swift */ = {isa = PBXFileReference; lastKnownFileType = sourcecode.swift; path = PaperQuotesViewController.swift; sourceTree = "<group>"; };
		FC7D16892219356600335624 /* DesignViewController.swift */ = {isa = PBXFileReference; lastKnownFileType = sourcecode.swift; path = DesignViewController.swift; sourceTree = "<group>"; };
		FC7D1690221957B700335624 /* UnsplashClient.swift */ = {isa = PBXFileReference; lastKnownFileType = sourcecode.swift; path = UnsplashClient.swift; sourceTree = "<group>"; };
		FC7D1692221958B600335624 /* Utility.swift */ = {isa = PBXFileReference; lastKnownFileType = sourcecode.swift; path = Utility.swift; sourceTree = "<group>"; };
		FC854D92220D778B00E2FB51 /* Reinforce.app */ = {isa = PBXFileReference; explicitFileType = wrapper.application; includeInIndex = 0; path = Reinforce.app; sourceTree = BUILT_PRODUCTS_DIR; };
		FC854D95220D778B00E2FB51 /* AppDelegate.swift */ = {isa = PBXFileReference; lastKnownFileType = sourcecode.swift; path = AppDelegate.swift; sourceTree = "<group>"; };
		FC854D9A220D778B00E2FB51 /* Base */ = {isa = PBXFileReference; lastKnownFileType = file.storyboard; name = Base; path = Base.lproj/Main.storyboard; sourceTree = "<group>"; };
		FC854D9D220D778B00E2FB51 /* Reinforce.xcdatamodel */ = {isa = PBXFileReference; lastKnownFileType = wrapper.xcdatamodel; path = Reinforce.xcdatamodel; sourceTree = "<group>"; };
		FC854D9F220D778D00E2FB51 /* Assets.xcassets */ = {isa = PBXFileReference; lastKnownFileType = folder.assetcatalog; path = Assets.xcassets; sourceTree = "<group>"; };
		FC854DA2220D778D00E2FB51 /* Base */ = {isa = PBXFileReference; lastKnownFileType = file.storyboard; name = Base; path = Base.lproj/LaunchScreen.storyboard; sourceTree = "<group>"; };
		FC854DA4220D778D00E2FB51 /* Info.plist */ = {isa = PBXFileReference; lastKnownFileType = text.plist.xml; path = Info.plist; sourceTree = "<group>"; };
/* End PBXFileReference section */

/* Begin PBXFrameworksBuildPhase section */
		FC854D8F220D778B00E2FB51 /* Frameworks */ = {
			isa = PBXFrameworksBuildPhase;
			buildActionMask = 2147483647;
			files = (
				FC08DBEC221694D900C96013 /* CoreImage.framework in Frameworks */,
				FC08DBEA221694D300C96013 /* CoreGraphics.framework in Frameworks */,
				FC08DBE8221694CA00C96013 /* Accelerate.framework in Frameworks */,
			);
			runOnlyForDeploymentPostprocessing = 0;
		};
/* End PBXFrameworksBuildPhase section */

/* Begin PBXGroup section */
		FC08DB522216761400C96013 /* DZNEmptyDataSet */ = {
			isa = PBXGroup;
			children = (
				FC08DB542216762C00C96013 /* UIScrollView+EmptyDataSet.h */,
				FC08DB552216762D00C96013 /* UIScrollView+EmptyDataSet.m */,
			);
			path = DZNEmptyDataSet;
			sourceTree = "<group>";
		};
		FC08DBE6221694C900C96013 /* Frameworks */ = {
			isa = PBXGroup;
			children = (
				FC08DBEB221694D900C96013 /* CoreImage.framework */,
				FC08DBE9221694D300C96013 /* CoreGraphics.framework */,
				FC08DBE7221694C900C96013 /* Accelerate.framework */,
			);
			name = Frameworks;
			sourceTree = "<group>";
		};
		FC08DBED221695A400C96013 /* Libraries */ = {
			isa = PBXGroup;
			children = (
				FC08DB532216762B00C96013 /* Reinforce-Bridging-Header.h */,
				FC08DB522216761400C96013 /* DZNEmptyDataSet */,
			);
			path = Libraries;
			sourceTree = "<group>";
		};
		FC34A48A221D0B8400114349 /* PaperQuotes */ = {
			isa = PBXGroup;
			children = (
				FC3C5D752217F03B00B1E019 /* Quote.swift */,
				FC34A488221CE79D00114349 /* PaperQuotesClient.swift */,
			);
			path = PaperQuotes;
			sourceTree = "<group>";
		};
		FC7D168F2219579800335624 /* Unsplash */ = {
			isa = PBXGroup;
			children = (
				FC7D1690221957B700335624 /* UnsplashClient.swift */,
			);
			path = Unsplash;
			sourceTree = "<group>";
		};
		FC854D89220D778B00E2FB51 = {
			isa = PBXGroup;
			children = (
				FC854D94220D778B00E2FB51 /* Reinforce */,
				FC854D93220D778B00E2FB51 /* Products */,
				FC08DBE6221694C900C96013 /* Frameworks */,
			);
			sourceTree = "<group>";
		};
		FC854D93220D778B00E2FB51 /* Products */ = {
			isa = PBXGroup;
			children = (
				FC854D92220D778B00E2FB51 /* Reinforce.app */,
			);
			name = Products;
			sourceTree = "<group>";
		};
		FC854D94220D778B00E2FB51 /* Reinforce */ = {
			isa = PBXGroup;
			children = (
				FC08DBED221695A400C96013 /* Libraries */,
				FC854DAE220D97E700E2FB51 /* Storyboards */,
				FC854DAD220D97CE00E2FB51 /* Supporting Files */,
				FC854DAA220D976E00E2FB51 /* Model */,
				FC854DAC220D978F00E2FB51 /* View */,
				FC854DAB220D978000E2FB51 /* Controller */,
			);
			path = Reinforce;
			sourceTree = "<group>";
		};
		FC854DAA220D976E00E2FB51 /* Model */ = {
			isa = PBXGroup;
			children = (
				FC34A48A221D0B8400114349 /* PaperQuotes */,
				FC7D168F2219579800335624 /* Unsplash */,
				FC854D9C220D778B00E2FB51 /* Reinforce.xcdatamodeld */,
				FC3C5D612217DD7900B1E019 /* Constants.swift */,
				FC7D1692221958B600335624 /* Utility.swift */,
				FC246FBC221E753700D630C1 /* DataController.swift */,
				FC1F096D2223BCF90072208A /* Extensions.swift */,
			);
			path = Model;
			sourceTree = "<group>";
		};
		FC854DAB220D978000E2FB51 /* Controller */ = {
			isa = PBXGroup;
			children = (
				FC08DB572216767A00C96013 /* HomeTableViewController.swift */,
				FC70A89522180EF90072C315 /* PaperQuotesViewController.swift */,
				FC7D16892219356600335624 /* DesignViewController.swift */,
				FC34A48D221D318900114349 /* UnsplashViewController.swift */,
				FC34A48F221D3C9000114349 /* NotificationsTableViewController.swift */,
				FC246FC222212DF200D630C1 /* UnsplashPhotoViewController.swift */,
			);
			path = Controller;
			sourceTree = "<group>";
		};
		FC854DAC220D978F00E2FB51 /* View */ = {
			isa = PBXGroup;
			children = (
				FC246FBE221FF66900D630C1 /* HomeTableViewCell.swift */,
				FC246FC02221151500D630C1 /* PhotoCollectionViewCell.swift */,
			);
			path = View;
			sourceTree = "<group>";
		};
		FC854DAD220D97CE00E2FB51 /* Supporting Files */ = {
			isa = PBXGroup;
			children = (
				FC854D95220D778B00E2FB51 /* AppDelegate.swift */,
				FC854DA4220D778D00E2FB51 /* Info.plist */,
				FC854D9F220D778D00E2FB51 /* Assets.xcassets */,
			);
			path = "Supporting Files";
			sourceTree = "<group>";
		};
		FC854DAE220D97E700E2FB51 /* Storyboards */ = {
			isa = PBXGroup;
			children = (
				FC854D99220D778B00E2FB51 /* Main.storyboard */,
				FC854DA1220D778D00E2FB51 /* LaunchScreen.storyboard */,
			);
			path = Storyboards;
			sourceTree = "<group>";
		};
/* End PBXGroup section */

/* Begin PBXNativeTarget section */
		FC854D91220D778B00E2FB51 /* Reinforce */ = {
			isa = PBXNativeTarget;
			buildConfigurationList = FC854DA7220D778D00E2FB51 /* Build configuration list for PBXNativeTarget "Reinforce" */;
			buildPhases = (
				FC854D8E220D778B00E2FB51 /* Sources */,
				FC854D8F220D778B00E2FB51 /* Frameworks */,
				FC854D90220D778B00E2FB51 /* Resources */,
			);
			buildRules = (
			);
			dependencies = (
			);
			name = Reinforce;
			productName = Reinforce;
			productReference = FC854D92220D778B00E2FB51 /* Reinforce.app */;
			productType = "com.apple.product-type.application";
		};
/* End PBXNativeTarget section */

/* Begin PBXProject section */
		FC854D8A220D778B00E2FB51 /* Project object */ = {
			isa = PBXProject;
			attributes = {
				LastSwiftUpdateCheck = 1010;
				LastUpgradeCheck = 1010;
				ORGANIZATIONNAME = "Ahsas Sharma";
				TargetAttributes = {
					FC854D91220D778B00E2FB51 = {
						CreatedOnToolsVersion = 10.1;
						LastSwiftMigration = 1010;
					};
				};
			};
			buildConfigurationList = FC854D8D220D778B00E2FB51 /* Build configuration list for PBXProject "Reinforce" */;
			compatibilityVersion = "Xcode 9.3";
			developmentRegion = en;
			hasScannedForEncodings = 0;
			knownRegions = (
				en,
				Base,
			);
			mainGroup = FC854D89220D778B00E2FB51;
			productRefGroup = FC854D93220D778B00E2FB51 /* Products */;
			projectDirPath = "";
			projectRoot = "";
			targets = (
				FC854D91220D778B00E2FB51 /* Reinforce */,
			);
		};
/* End PBXProject section */

/* Begin PBXResourcesBuildPhase section */
		FC854D90220D778B00E2FB51 /* Resources */ = {
			isa = PBXResourcesBuildPhase;
			buildActionMask = 2147483647;
			files = (
				FC854DA3220D778D00E2FB51 /* LaunchScreen.storyboard in Resources */,
				FC854DA0220D778D00E2FB51 /* Assets.xcassets in Resources */,
				FC854D9B220D778B00E2FB51 /* Main.storyboard in Resources */,
			);
			runOnlyForDeploymentPostprocessing = 0;
		};
/* End PBXResourcesBuildPhase section */

/* Begin PBXSourcesBuildPhase section */
		FC854D8E220D778B00E2FB51 /* Sources */ = {
			isa = PBXSourcesBuildPhase;
			buildActionMask = 2147483647;
			files = (
				FC3C5D762217F03B00B1E019 /* Quote.swift in Sources */,
				FC34A489221CE79D00114349 /* PaperQuotesClient.swift in Sources */,
				FC7D168A2219356600335624 /* DesignViewController.swift in Sources */,
				FC854D9E220D778B00E2FB51 /* Reinforce.xcdatamodeld in Sources */,
				FC7D1691221957B700335624 /* UnsplashClient.swift in Sources */,
				FC246FBF221FF66900D630C1 /* HomeTableViewCell.swift in Sources */,
				FC246FBD221E753700D630C1 /* DataController.swift in Sources */,
				FC246FC322212DF200D630C1 /* UnsplashPhotoViewController.swift in Sources */,
				FC7D1693221958B600335624 /* Utility.swift in Sources */,
				FC70A89622180EF90072C315 /* PaperQuotesViewController.swift in Sources */,
				FC08DB562216762D00C96013 /* UIScrollView+EmptyDataSet.m in Sources */,
				FC854D96220D778B00E2FB51 /* AppDelegate.swift in Sources */,
				FC34A490221D3C9000114349 /* NotificationsTableViewController.swift in Sources */,
				FC3C5D622217DD7900B1E019 /* Constants.swift in Sources */,
				FC246FC12221151500D630C1 /* PhotoCollectionViewCell.swift in Sources */,
				FC34A48E221D318900114349 /* UnsplashViewController.swift in Sources */,
				FC1F096E2223BCF90072208A /* Extensions.swift in Sources */,
				FC08DB582216767A00C96013 /* HomeTableViewController.swift in Sources */,
			);
			runOnlyForDeploymentPostprocessing = 0;
		};
/* End PBXSourcesBuildPhase section */

/* Begin PBXVariantGroup section */
		FC854D99220D778B00E2FB51 /* Main.storyboard */ = {
			isa = PBXVariantGroup;
			children = (
				FC854D9A220D778B00E2FB51 /* Base */,
			);
			name = Main.storyboard;
			sourceTree = "<group>";
		};
		FC854DA1220D778D00E2FB51 /* LaunchScreen.storyboard */ = {
			isa = PBXVariantGroup;
			children = (
				FC854DA2220D778D00E2FB51 /* Base */,
			);
			name = LaunchScreen.storyboard;
			sourceTree = "<group>";
		};
/* End PBXVariantGroup section */

/* Begin XCBuildConfiguration section */
		FC854DA5220D778D00E2FB51 /* Debug */ = {
			isa = XCBuildConfiguration;
			buildSettings = {
				ALWAYS_SEARCH_USER_PATHS = NO;
				CLANG_ANALYZER_NONNULL = YES;
				CLANG_ANALYZER_NUMBER_OBJECT_CONVERSION = YES_AGGRESSIVE;
				CLANG_CXX_LANGUAGE_STANDARD = "gnu++14";
				CLANG_CXX_LIBRARY = "libc++";
				CLANG_ENABLE_MODULES = YES;
				CLANG_ENABLE_OBJC_ARC = YES;
				CLANG_ENABLE_OBJC_WEAK = YES;
				CLANG_WARN_BLOCK_CAPTURE_AUTORELEASING = YES;
				CLANG_WARN_BOOL_CONVERSION = YES;
				CLANG_WARN_COMMA = YES;
				CLANG_WARN_CONSTANT_CONVERSION = YES;
				CLANG_WARN_DEPRECATED_OBJC_IMPLEMENTATIONS = YES;
				CLANG_WARN_DIRECT_OBJC_ISA_USAGE = YES_ERROR;
				CLANG_WARN_DOCUMENTATION_COMMENTS = YES;
				CLANG_WARN_EMPTY_BODY = YES;
				CLANG_WARN_ENUM_CONVERSION = YES;
				CLANG_WARN_INFINITE_RECURSION = YES;
				CLANG_WARN_INT_CONVERSION = YES;
				CLANG_WARN_NON_LITERAL_NULL_CONVERSION = YES;
				CLANG_WARN_OBJC_IMPLICIT_RETAIN_SELF = YES;
				CLANG_WARN_OBJC_LITERAL_CONVERSION = YES;
				CLANG_WARN_OBJC_ROOT_CLASS = YES_ERROR;
				CLANG_WARN_RANGE_LOOP_ANALYSIS = YES;
				CLANG_WARN_STRICT_PROTOTYPES = YES;
				CLANG_WARN_SUSPICIOUS_MOVE = YES;
				CLANG_WARN_UNGUARDED_AVAILABILITY = YES_AGGRESSIVE;
				CLANG_WARN_UNREACHABLE_CODE = YES;
				CLANG_WARN__DUPLICATE_METHOD_MATCH = YES;
				CODE_SIGN_IDENTITY = "iPhone Developer";
				COPY_PHASE_STRIP = NO;
				DEBUG_INFORMATION_FORMAT = dwarf;
				ENABLE_STRICT_OBJC_MSGSEND = YES;
				ENABLE_TESTABILITY = YES;
				GCC_C_LANGUAGE_STANDARD = gnu11;
				GCC_DYNAMIC_NO_PIC = NO;
				GCC_NO_COMMON_BLOCKS = YES;
				GCC_OPTIMIZATION_LEVEL = 0;
				GCC_PREPROCESSOR_DEFINITIONS = (
					"DEBUG=1",
					"$(inherited)",
				);
				GCC_WARN_64_TO_32_BIT_CONVERSION = YES;
				GCC_WARN_ABOUT_RETURN_TYPE = YES_ERROR;
				GCC_WARN_UNDECLARED_SELECTOR = YES;
				GCC_WARN_UNINITIALIZED_AUTOS = YES_AGGRESSIVE;
				GCC_WARN_UNUSED_FUNCTION = YES;
				GCC_WARN_UNUSED_VARIABLE = YES;
				IPHONEOS_DEPLOYMENT_TARGET = 12.1;
				MTL_ENABLE_DEBUG_INFO = INCLUDE_SOURCE;
				MTL_FAST_MATH = YES;
				ONLY_ACTIVE_ARCH = YES;
				SDKROOT = iphoneos;
				SWIFT_ACTIVE_COMPILATION_CONDITIONS = DEBUG;
				SWIFT_OPTIMIZATION_LEVEL = "-Onone";
			};
			name = Debug;
		};
		FC854DA6220D778D00E2FB51 /* Release */ = {
			isa = XCBuildConfiguration;
			buildSettings = {
				ALWAYS_SEARCH_USER_PATHS = NO;
				CLANG_ANALYZER_NONNULL = YES;
				CLANG_ANALYZER_NUMBER_OBJECT_CONVERSION = YES_AGGRESSIVE;
				CLANG_CXX_LANGUAGE_STANDARD = "gnu++14";
				CLANG_CXX_LIBRARY = "libc++";
				CLANG_ENABLE_MODULES = YES;
				CLANG_ENABLE_OBJC_ARC = YES;
				CLANG_ENABLE_OBJC_WEAK = YES;
				CLANG_WARN_BLOCK_CAPTURE_AUTORELEASING = YES;
				CLANG_WARN_BOOL_CONVERSION = YES;
				CLANG_WARN_COMMA = YES;
				CLANG_WARN_CONSTANT_CONVERSION = YES;
				CLANG_WARN_DEPRECATED_OBJC_IMPLEMENTATIONS = YES;
				CLANG_WARN_DIRECT_OBJC_ISA_USAGE = YES_ERROR;
				CLANG_WARN_DOCUMENTATION_COMMENTS = YES;
				CLANG_WARN_EMPTY_BODY = YES;
				CLANG_WARN_ENUM_CONVERSION = YES;
				CLANG_WARN_INFINITE_RECURSION = YES;
				CLANG_WARN_INT_CONVERSION = YES;
				CLANG_WARN_NON_LITERAL_NULL_CONVERSION = YES;
				CLANG_WARN_OBJC_IMPLICIT_RETAIN_SELF = YES;
				CLANG_WARN_OBJC_LITERAL_CONVERSION = YES;
				CLANG_WARN_OBJC_ROOT_CLASS = YES_ERROR;
				CLANG_WARN_RANGE_LOOP_ANALYSIS = YES;
				CLANG_WARN_STRICT_PROTOTYPES = YES;
				CLANG_WARN_SUSPICIOUS_MOVE = YES;
				CLANG_WARN_UNGUARDED_AVAILABILITY = YES_AGGRESSIVE;
				CLANG_WARN_UNREACHABLE_CODE = YES;
				CLANG_WARN__DUPLICATE_METHOD_MATCH = YES;
				CODE_SIGN_IDENTITY = "iPhone Developer";
				COPY_PHASE_STRIP = NO;
				DEBUG_INFORMATION_FORMAT = "dwarf-with-dsym";
				ENABLE_NS_ASSERTIONS = NO;
				ENABLE_STRICT_OBJC_MSGSEND = YES;
				GCC_C_LANGUAGE_STANDARD = gnu11;
				GCC_NO_COMMON_BLOCKS = YES;
				GCC_WARN_64_TO_32_BIT_CONVERSION = YES;
				GCC_WARN_ABOUT_RETURN_TYPE = YES_ERROR;
				GCC_WARN_UNDECLARED_SELECTOR = YES;
				GCC_WARN_UNINITIALIZED_AUTOS = YES_AGGRESSIVE;
				GCC_WARN_UNUSED_FUNCTION = YES;
				GCC_WARN_UNUSED_VARIABLE = YES;
				IPHONEOS_DEPLOYMENT_TARGET = 12.1;
				MTL_ENABLE_DEBUG_INFO = NO;
				MTL_FAST_MATH = YES;
				SDKROOT = iphoneos;
				SWIFT_COMPILATION_MODE = wholemodule;
				SWIFT_OPTIMIZATION_LEVEL = "-O";
				VALIDATE_PRODUCT = YES;
			};
			name = Release;
		};
		FC854DA8220D778D00E2FB51 /* Debug */ = {
			isa = XCBuildConfiguration;
			buildSettings = {
				ASSETCATALOG_COMPILER_APPICON_NAME = AppIcon;
				CLANG_ENABLE_MODULES = YES;
				CODE_SIGN_STYLE = Automatic;
				DEVELOPMENT_TEAM = 8AHJ7Q6R55;
				INFOPLIST_FILE = "$(SRCROOT)/Reinforce/Supporting Files/Info.plist";
				LD_RUNPATH_SEARCH_PATHS = (
					"$(inherited)",
					"@executable_path/Frameworks",
				);
				PRODUCT_BUNDLE_IDENTIFIER = com.AhsasSharma.Reinforce;
				PRODUCT_NAME = "$(TARGET_NAME)";
				SWIFT_OBJC_BRIDGING_HEADER = "Reinforce/Libraries/Reinforce-Bridging-Header.h";
				SWIFT_OPTIMIZATION_LEVEL = "-Onone";
				SWIFT_VERSION = 4.2;
				TARGETED_DEVICE_FAMILY = "1,2";
			};
			name = Debug;
		};
		FC854DA9220D778D00E2FB51 /* Release */ = {
			isa = XCBuildConfiguration;
			buildSettings = {
				ASSETCATALOG_COMPILER_APPICON_NAME = AppIcon;
				CLANG_ENABLE_MODULES = YES;
				CODE_SIGN_STYLE = Automatic;
				DEVELOPMENT_TEAM = 8AHJ7Q6R55;
				INFOPLIST_FILE = "$(SRCROOT)/Reinforce/Supporting Files/Info.plist";
				LD_RUNPATH_SEARCH_PATHS = (
					"$(inherited)",
					"@executable_path/Frameworks",
				);
				PRODUCT_BUNDLE_IDENTIFIER = com.AhsasSharma.Reinforce;
				PRODUCT_NAME = "$(TARGET_NAME)";
				SWIFT_OBJC_BRIDGING_HEADER = "Reinforce/Libraries/Reinforce-Bridging-Header.h";
				SWIFT_VERSION = 4.2;
				TARGETED_DEVICE_FAMILY = "1,2";
			};
			name = Release;
		};
/* End XCBuildConfiguration section */

/* Begin XCConfigurationList section */
		FC854D8D220D778B00E2FB51 /* Build configuration list for PBXProject "Reinforce" */ = {
			isa = XCConfigurationList;
			buildConfigurations = (
				FC854DA5220D778D00E2FB51 /* Debug */,
				FC854DA6220D778D00E2FB51 /* Release */,
			);
			defaultConfigurationIsVisible = 0;
			defaultConfigurationName = Release;
		};
		FC854DA7220D778D00E2FB51 /* Build configuration list for PBXNativeTarget "Reinforce" */ = {
			isa = XCConfigurationList;
			buildConfigurations = (
				FC854DA8220D778D00E2FB51 /* Debug */,
				FC854DA9220D778D00E2FB51 /* Release */,
			);
			defaultConfigurationIsVisible = 0;
			defaultConfigurationName = Release;
		};
/* End XCConfigurationList section */

/* Begin XCVersionGroup section */
		FC854D9C220D778B00E2FB51 /* Reinforce.xcdatamodeld */ = {
			isa = XCVersionGroup;
			children = (
				FC854D9D220D778B00E2FB51 /* Reinforce.xcdatamodel */,
			);
			currentVersion = FC854D9D220D778B00E2FB51 /* Reinforce.xcdatamodel */;
			path = Reinforce.xcdatamodeld;
			sourceTree = "<group>";
			versionGroupType = wrapper.xcdatamodel;
		};
/* End XCVersionGroup section */
	};
	rootObject = FC854D8A220D778B00E2FB51 /* Project object */;
}
